// !$*UTF8*$!
{
	archiveVersion = 1;
	classes = {
	};
	objectVersion = 56;
	objects = {

/* Begin PBXBuildFile section */
		4131E9412BE4DE970002AC47 /* product.swift in Sources */ = {isa = PBXBuildFile; fileRef = 4131E9402BE4DE970002AC47 /* product.swift */; };
		4131E9462BE4E5230002AC47 /* ProductCollectionViewCell.xib in Resources */ = {isa = PBXBuildFile; fileRef = 4131E9452BE4E5230002AC47 /* ProductCollectionViewCell.xib */; };
		4131E9472BE4E5230002AC47 /* ProductCollectionViewCell.swift in Sources */ = {isa = PBXBuildFile; fileRef = 4131E9442BE4E5230002AC47 /* ProductCollectionViewCell.swift */; };
		41C3C5B22BE00AFC00253257 /* AppDelegate.swift in Sources */ = {isa = PBXBuildFile; fileRef = 41C3C5B12BE00AFC00253257 /* AppDelegate.swift */; };
		41C3C5B42BE00AFC00253257 /* SceneDelegate.swift in Sources */ = {isa = PBXBuildFile; fileRef = 41C3C5B32BE00AFC00253257 /* SceneDelegate.swift */; };
		41C3C5B62BE00AFC00253257 /* ViewController.swift in Sources */ = {isa = PBXBuildFile; fileRef = 41C3C5B52BE00AFC00253257 /* ViewController.swift */; };
		41C3C5B92BE00AFC00253257 /* Base in Resources */ = {isa = PBXBuildFile; fileRef = 41C3C5B82BE00AFC00253257 /* Base */; };
		41C3C5BB2BE00AFD00253257 /* Assets.xcassets in Resources */ = {isa = PBXBuildFile; fileRef = 41C3C5BA2BE00AFD00253257 /* Assets.xcassets */; };
		41C3C5BE2BE00AFD00253257 /* Base in Resources */ = {isa = PBXBuildFile; fileRef = 41C3C5BD2BE00AFD00253257 /* Base */; };
		41C3C5C92BE00AFE00253257 /* daangnmarketTests.swift in Sources */ = {isa = PBXBuildFile; fileRef = 41C3C5C82BE00AFE00253257 /* daangnmarketTests.swift */; };
		41C3C5D32BE00AFE00253257 /* daangnmarketUITests.swift in Sources */ = {isa = PBXBuildFile; fileRef = 41C3C5D22BE00AFE00253257 /* daangnmarketUITests.swift */; };
		41C3C5D52BE00AFE00253257 /* daangnmarketUITestsLaunchTests.swift in Sources */ = {isa = PBXBuildFile; fileRef = 41C3C5D42BE00AFE00253257 /* daangnmarketUITestsLaunchTests.swift */; };
/* End PBXBuildFile section */

/* Begin PBXContainerItemProxy section */
		41C3C5C52BE00AFE00253257 /* PBXContainerItemProxy */ = {
			isa = PBXContainerItemProxy;
			containerPortal = 41C3C5A62BE00AFC00253257 /* Project object */;
			proxyType = 1;
			remoteGlobalIDString = 41C3C5AD2BE00AFC00253257;
			remoteInfo = daangnmarket;
		};
		41C3C5CF2BE00AFE00253257 /* PBXContainerItemProxy */ = {
			isa = PBXContainerItemProxy;
			containerPortal = 41C3C5A62BE00AFC00253257 /* Project object */;
			proxyType = 1;
			remoteGlobalIDString = 41C3C5AD2BE00AFC00253257;
			remoteInfo = daangnmarket;
		};
/* End PBXContainerItemProxy section */

/* Begin PBXFileReference section */
		4131E9402BE4DE970002AC47 /* product.swift */ = {isa = PBXFileReference; lastKnownFileType = sourcecode.swift; path = product.swift; sourceTree = "<group>"; };
		4131E9442BE4E5230002AC47 /* ProductCollectionViewCell.swift */ = {isa = PBXFileReference; lastKnownFileType = sourcecode.swift; path = ProductCollectionViewCell.swift; sourceTree = "<group>"; };
		4131E9452BE4E5230002AC47 /* ProductCollectionViewCell.xib */ = {isa = PBXFileReference; lastKnownFileType = file.xib; path = ProductCollectionViewCell.xib; sourceTree = "<group>"; };
		41C3C5AE2BE00AFC00253257 /* daangnmarket.app */ = {isa = PBXFileReference; explicitFileType = wrapper.application; includeInIndex = 0; path = daangnmarket.app; sourceTree = BUILT_PRODUCTS_DIR; };
		41C3C5B12BE00AFC00253257 /* AppDelegate.swift */ = {isa = PBXFileReference; lastKnownFileType = sourcecode.swift; path = AppDelegate.swift; sourceTree = "<group>"; };
		41C3C5B32BE00AFC00253257 /* SceneDelegate.swift */ = {isa = PBXFileReference; lastKnownFileType = sourcecode.swift; path = SceneDelegate.swift; sourceTree = "<group>"; };
		41C3C5B52BE00AFC00253257 /* ViewController.swift */ = {isa = PBXFileReference; lastKnownFileType = sourcecode.swift; path = ViewController.swift; sourceTree = "<group>"; };
		41C3C5B82BE00AFC00253257 /* Base */ = {isa = PBXFileReference; lastKnownFileType = file.storyboard; name = Base; path = Base.lproj/Main.storyboard; sourceTree = "<group>"; };
		41C3C5BA2BE00AFD00253257 /* Assets.xcassets */ = {isa = PBXFileReference; lastKnownFileType = folder.assetcatalog; path = Assets.xcassets; sourceTree = "<group>"; };
		41C3C5BD2BE00AFD00253257 /* Base */ = {isa = PBXFileReference; lastKnownFileType = file.storyboard; name = Base; path = Base.lproj/LaunchScreen.storyboard; sourceTree = "<group>"; };
		41C3C5BF2BE00AFD00253257 /* Info.plist */ = {isa = PBXFileReference; lastKnownFileType = text.plist.xml; path = Info.plist; sourceTree = "<group>"; };
		41C3C5C42BE00AFE00253257 /* daangnmarketTests.xctest */ = {isa = PBXFileReference; explicitFileType = wrapper.cfbundle; includeInIndex = 0; path = daangnmarketTests.xctest; sourceTree = BUILT_PRODUCTS_DIR; };
		41C3C5C82BE00AFE00253257 /* daangnmarketTests.swift */ = {isa = PBXFileReference; lastKnownFileType = sourcecode.swift; path = daangnmarketTests.swift; sourceTree = "<group>"; };
		41C3C5CE2BE00AFE00253257 /* daangnmarketUITests.xctest */ = {isa = PBXFileReference; explicitFileType = wrapper.cfbundle; includeInIndex = 0; path = daangnmarketUITests.xctest; sourceTree = BUILT_PRODUCTS_DIR; };
		41C3C5D22BE00AFE00253257 /* daangnmarketUITests.swift */ = {isa = PBXFileReference; lastKnownFileType = sourcecode.swift; path = daangnmarketUITests.swift; sourceTree = "<group>"; };
		41C3C5D42BE00AFE00253257 /* daangnmarketUITestsLaunchTests.swift */ = {isa = PBXFileReference; lastKnownFileType = sourcecode.swift; path = daangnmarketUITestsLaunchTests.swift; sourceTree = "<group>"; };
/* End PBXFileReference section */

/* Begin PBXFrameworksBuildPhase section */
		41C3C5AB2BE00AFC00253257 /* Frameworks */ = {
			isa = PBXFrameworksBuildPhase;
			buildActionMask = 2147483647;
			files = (
			);
			runOnlyForDeploymentPostprocessing = 0;
		};
		41C3C5C12BE00AFE00253257 /* Frameworks */ = {
			isa = PBXFrameworksBuildPhase;
			buildActionMask = 2147483647;
			files = (
			);
			runOnlyForDeploymentPostprocessing = 0;
		};
		41C3C5CB2BE00AFE00253257 /* Frameworks */ = {
			isa = PBXFrameworksBuildPhase;
			buildActionMask = 2147483647;
			files = (
			);
			runOnlyForDeploymentPostprocessing = 0;
		};
/* End PBXFrameworksBuildPhase section */

/* Begin PBXGroup section */
		41C3C5A52BE00AFC00253257 = {
			isa = PBXGroup;
			children = (
				41C3C5B02BE00AFC00253257 /* daangnmarket */,
				41C3C5C72BE00AFE00253257 /* daangnmarketTests */,
				41C3C5D12BE00AFE00253257 /* daangnmarketUITests */,
				41C3C5AF2BE00AFC00253257 /* Products */,
			);
			sourceTree = "<group>";
		};
		41C3C5AF2BE00AFC00253257 /* Products */ = {
			isa = PBXGroup;
			children = (
				41C3C5AE2BE00AFC00253257 /* daangnmarket.app */,
				41C3C5C42BE00AFE00253257 /* daangnmarketTests.xctest */,
				41C3C5CE2BE00AFE00253257 /* daangnmarketUITests.xctest */,
			);
			name = Products;
			sourceTree = "<group>";
		};
		41C3C5B02BE00AFC00253257 /* daangnmarket */ = {
			isa = PBXGroup;
			children = (
				41C3C5B12BE00AFC00253257 /* AppDelegate.swift */,
				41C3C5B32BE00AFC00253257 /* SceneDelegate.swift */,
				41C3C5B52BE00AFC00253257 /* ViewController.swift */,
				4131E9442BE4E5230002AC47 /* ProductCollectionViewCell.swift */,
				4131E9452BE4E5230002AC47 /* ProductCollectionViewCell.xib */,
				41C3C5B72BE00AFC00253257 /* Main.storyboard */,
				4131E9402BE4DE970002AC47 /* product.swift */,
				41C3C5BA2BE00AFD00253257 /* Assets.xcassets */,
				41C3C5BC2BE00AFD00253257 /* LaunchScreen.storyboard */,
				41C3C5BF2BE00AFD00253257 /* Info.plist */,
			);
			path = daangnmarket;
			sourceTree = "<group>";
		};
		41C3C5C72BE00AFE00253257 /* daangnmarketTests */ = {
			isa = PBXGroup;
			children = (
				41C3C5C82BE00AFE00253257 /* daangnmarketTests.swift */,
			);
			path = daangnmarketTests;
			sourceTree = "<group>";
		};
		41C3C5D12BE00AFE00253257 /* daangnmarketUITests */ = {
			isa = PBXGroup;
			children = (
				41C3C5D22BE00AFE00253257 /* daangnmarketUITests.swift */,
				41C3C5D42BE00AFE00253257 /* daangnmarketUITestsLaunchTests.swift */,
			);
			path = daangnmarketUITests;
			sourceTree = "<group>";
		};
/* End PBXGroup section */

/* Begin PBXNativeTarget section */
		41C3C5AD2BE00AFC00253257 /* daangnmarket */ = {
			isa = PBXNativeTarget;
			buildConfigurationList = 41C3C5D82BE00AFE00253257 /* Build configuration list for PBXNativeTarget "daangnmarket" */;
			buildPhases = (
				41C3C5AA2BE00AFC00253257 /* Sources */,
				41C3C5AB2BE00AFC00253257 /* Frameworks */,
				41C3C5AC2BE00AFC00253257 /* Resources */,
			);
			buildRules = (
			);
			dependencies = (
			);
			name = daangnmarket;
			productName = daangnmarket;
			productReference = 41C3C5AE2BE00AFC00253257 /* daangnmarket.app */;
			productType = "com.apple.product-type.application";
		};
		41C3C5C32BE00AFE00253257 /* daangnmarketTests */ = {
			isa = PBXNativeTarget;
			buildConfigurationList = 41C3C5DB2BE00AFE00253257 /* Build configuration list for PBXNativeTarget "daangnmarketTests" */;
			buildPhases = (
				41C3C5C02BE00AFE00253257 /* Sources */,
				41C3C5C12BE00AFE00253257 /* Frameworks */,
				41C3C5C22BE00AFE00253257 /* Resources */,
			);
			buildRules = (
			);
			dependencies = (
				41C3C5C62BE00AFE00253257 /* PBXTargetDependency */,
			);
			name = daangnmarketTests;
			productName = daangnmarketTests;
			productReference = 41C3C5C42BE00AFE00253257 /* daangnmarketTests.xctest */;
			productType = "com.apple.product-type.bundle.unit-test";
		};
		41C3C5CD2BE00AFE00253257 /* daangnmarketUITests */ = {
			isa = PBXNativeTarget;
			buildConfigurationList = 41C3C5DE2BE00AFE00253257 /* Build configuration list for PBXNativeTarget "daangnmarketUITests" */;
			buildPhases = (
				41C3C5CA2BE00AFE00253257 /* Sources */,
				41C3C5CB2BE00AFE00253257 /* Frameworks */,
				41C3C5CC2BE00AFE00253257 /* Resources */,
			);
			buildRules = (
			);
			dependencies = (
				41C3C5D02BE00AFE00253257 /* PBXTargetDependency */,
			);
			name = daangnmarketUITests;
			productName = daangnmarketUITests;
			productReference = 41C3C5CE2BE00AFE00253257 /* daangnmarketUITests.xctest */;
			productType = "com.apple.product-type.bundle.ui-testing";
		};
/* End PBXNativeTarget section */

/* Begin PBXProject section */
		41C3C5A62BE00AFC00253257 /* Project object */ = {
			isa = PBXProject;
			attributes = {
				BuildIndependentTargetsInParallel = 1;
				LastSwiftUpdateCheck = 1530;
				LastUpgradeCheck = 1530;
				TargetAttributes = {
					41C3C5AD2BE00AFC00253257 = {
						CreatedOnToolsVersion = 15.3;
					};
					41C3C5C32BE00AFE00253257 = {
						CreatedOnToolsVersion = 15.3;
						TestTargetID = 41C3C5AD2BE00AFC00253257;
					};
					41C3C5CD2BE00AFE00253257 = {
						CreatedOnToolsVersion = 15.3;
						TestTargetID = 41C3C5AD2BE00AFC00253257;
					};
				};
			};
			buildConfigurationList = 41C3C5A92BE00AFC00253257 /* Build configuration list for PBXProject "daangnmarket" */;
			compatibilityVersion = "Xcode 14.0";
			developmentRegion = en;
			hasScannedForEncodings = 0;
			knownRegions = (
				en,
				Base,
			);
			mainGroup = 41C3C5A52BE00AFC00253257;
			productRefGroup = 41C3C5AF2BE00AFC00253257 /* Products */;
			projectDirPath = "";
			projectRoot = "";
			targets = (
				41C3C5AD2BE00AFC00253257 /* daangnmarket */,
				41C3C5C32BE00AFE00253257 /* daangnmarketTests */,
				41C3C5CD2BE00AFE00253257 /* daangnmarketUITests */,
			);
		};
/* End PBXProject section */

/* Begin PBXResourcesBuildPhase section */
		41C3C5AC2BE00AFC00253257 /* Resources */ = {
			isa = PBXResourcesBuildPhase;
			buildActionMask = 2147483647;
			files = (
				41C3C5BB2BE00AFD00253257 /* Assets.xcassets in Resources */,
				41C3C5BE2BE00AFD00253257 /* Base in Resources */,
				4131E9462BE4E5230002AC47 /* ProductCollectionViewCell.xib in Resources */,
				41C3C5B92BE00AFC00253257 /* Base in Resources */,
			);
			runOnlyForDeploymentPostprocessing = 0;
		};
		41C3C5C22BE00AFE00253257 /* Resources */ = {
			isa = PBXResourcesBuildPhase;
			buildActionMask = 2147483647;
			files = (
			);
			runOnlyForDeploymentPostprocessing = 0;
		};
		41C3C5CC2BE00AFE00253257 /* Resources */ = {
			isa = PBXResourcesBuildPhase;
			buildActionMask = 2147483647;
			files = (
			);
			runOnlyForDeploymentPostprocessing = 0;
		};
/* End PBXResourcesBuildPhase section */

/* Begin PBXSourcesBuildPhase section */
		41C3C5AA2BE00AFC00253257 /* Sources */ = {
			isa = PBXSourcesBuildPhase;
			buildActionMask = 2147483647;
			files = (
				41C3C5B62BE00AFC00253257 /* ViewController.swift in Sources */,
				4131E9412BE4DE970002AC47 /* product.swift in Sources */,
				4131E9472BE4E5230002AC47 /* ProductCollectionViewCell.swift in Sources */,
				41C3C5B22BE00AFC00253257 /* AppDelegate.swift in Sources */,
				41C3C5B42BE00AFC00253257 /* SceneDelegate.swift in Sources */,
			);
			runOnlyForDeploymentPostprocessing = 0;
		};
		41C3C5C02BE00AFE00253257 /* Sources */ = {
			isa = PBXSourcesBuildPhase;
			buildActionMask = 2147483647;
			files = (
				41C3C5C92BE00AFE00253257 /* daangnmarketTests.swift in Sources */,
			);
			runOnlyForDeploymentPostprocessing = 0;
		};
		41C3C5CA2BE00AFE00253257 /* Sources */ = {
			isa = PBXSourcesBuildPhase;
			buildActionMask = 2147483647;
			files = (
				41C3C5D32BE00AFE00253257 /* daangnmarketUITests.swift in Sources */,
				41C3C5D52BE00AFE00253257 /* daangnmarketUITestsLaunchTests.swift in Sources */,
			);
			runOnlyForDeploymentPostprocessing = 0;
		};
/* End PBXSourcesBuildPhase section */

/* Begin PBXTargetDependency section */
		41C3C5C62BE00AFE00253257 /* PBXTargetDependency */ = {
			isa = PBXTargetDependency;
			target = 41C3C5AD2BE00AFC00253257 /* daangnmarket */;
			targetProxy = 41C3C5C52BE00AFE00253257 /* PBXContainerItemProxy */;
		};
		41C3C5D02BE00AFE00253257 /* PBXTargetDependency */ = {
			isa = PBXTargetDependency;
			target = 41C3C5AD2BE00AFC00253257 /* daangnmarket */;
			targetProxy = 41C3C5CF2BE00AFE00253257 /* PBXContainerItemProxy */;
		};
/* End PBXTargetDependency section */

/* Begin PBXVariantGroup section */
		41C3C5B72BE00AFC00253257 /* Main.storyboard */ = {
			isa = PBXVariantGroup;
			children = (
				41C3C5B82BE00AFC00253257 /* Base */,
			);
			name = Main.storyboard;
			sourceTree = "<group>";
		};
		41C3C5BC2BE00AFD00253257 /* LaunchScreen.storyboard */ = {
			isa = PBXVariantGroup;
			children = (
				41C3C5BD2BE00AFD00253257 /* Base */,
			);
			name = LaunchScreen.storyboard;
			sourceTree = "<group>";
		};
/* End PBXVariantGroup section */

/* Begin XCBuildConfiguration section */
		41C3C5D62BE00AFE00253257 /* Debug */ = {
			isa = XCBuildConfiguration;
			buildSettings = {
				ALWAYS_SEARCH_USER_PATHS = NO;
				ASSETCATALOG_COMPILER_GENERATE_SWIFT_ASSET_SYMBOL_EXTENSIONS = YES;
				CLANG_ANALYZER_NONNULL = YES;
				CLANG_ANALYZER_NUMBER_OBJECT_CONVERSION = YES_AGGRESSIVE;
				CLANG_CXX_LANGUAGE_STANDARD = "gnu++20";
				CLANG_ENABLE_MODULES = YES;
				CLANG_ENABLE_OBJC_ARC = YES;
				CLANG_ENABLE_OBJC_WEAK = YES;
				CLANG_WARN_BLOCK_CAPTURE_AUTORELEASING = YES;
				CLANG_WARN_BOOL_CONVERSION = YES;
				CLANG_WARN_COMMA = YES;
				CLANG_WARN_CONSTANT_CONVERSION = YES;
				CLANG_WARN_DEPRECATED_OBJC_IMPLEMENTATIONS = YES;
				CLANG_WARN_DIRECT_OBJC_ISA_USAGE = YES_ERROR;
				CLANG_WARN_DOCUMENTATION_COMMENTS = YES;
				CLANG_WARN_EMPTY_BODY = YES;
				CLANG_WARN_ENUM_CONVERSION = YES;
				CLANG_WARN_INFINITE_RECURSION = YES;
				CLANG_WARN_INT_CONVERSION = YES;
				CLANG_WARN_NON_LITERAL_NULL_CONVERSION = YES;
				CLANG_WARN_OBJC_IMPLICIT_RETAIN_SELF = YES;
				CLANG_WARN_OBJC_LITERAL_CONVERSION = YES;
				CLANG_WARN_OBJC_ROOT_CLASS = YES_ERROR;
				CLANG_WARN_QUOTED_INCLUDE_IN_FRAMEWORK_HEADER = YES;
				CLANG_WARN_RANGE_LOOP_ANALYSIS = YES;
				CLANG_WARN_STRICT_PROTOTYPES = YES;
				CLANG_WARN_SUSPICIOUS_MOVE = YES;
				CLANG_WARN_UNGUARDED_AVAILABILITY = YES_AGGRESSIVE;
				CLANG_WARN_UNREACHABLE_CODE = YES;
				CLANG_WARN__DUPLICATE_METHOD_MATCH = YES;
				COPY_PHASE_STRIP = NO;
				DEBUG_INFORMATION_FORMAT = dwarf;
				ENABLE_STRICT_OBJC_MSGSEND = YES;
				ENABLE_TESTABILITY = YES;
				ENABLE_USER_SCRIPT_SANDBOXING = YES;
				GCC_C_LANGUAGE_STANDARD = gnu17;
				GCC_DYNAMIC_NO_PIC = NO;
				GCC_NO_COMMON_BLOCKS = YES;
				GCC_OPTIMIZATION_LEVEL = 0;
				GCC_PREPROCESSOR_DEFINITIONS = (
					"DEBUG=1",
					"$(inherited)",
				);
				GCC_WARN_64_TO_32_BIT_CONVERSION = YES;
				GCC_WARN_ABOUT_RETURN_TYPE = YES_ERROR;
				GCC_WARN_UNDECLARED_SELECTOR = YES;
				GCC_WARN_UNINITIALIZED_AUTOS = YES_AGGRESSIVE;
				GCC_WARN_UNUSED_FUNCTION = YES;
				GCC_WARN_UNUSED_VARIABLE = YES;
				IPHONEOS_DEPLOYMENT_TARGET = 17.4;
				LOCALIZATION_PREFERS_STRING_CATALOGS = YES;
				MTL_ENABLE_DEBUG_INFO = INCLUDE_SOURCE;
				MTL_FAST_MATH = YES;
				ONLY_ACTIVE_ARCH = YES;
				SDKROOT = iphoneos;
				SWIFT_ACTIVE_COMPILATION_CONDITIONS = "DEBUG $(inherited)";
				SWIFT_OPTIMIZATION_LEVEL = "-Onone";
			};
			name = Debug;
		};
		41C3C5D72BE00AFE00253257 /* Release */ = {
			isa = XCBuildConfiguration;
			buildSettings = {
				ALWAYS_SEARCH_USER_PATHS = NO;
				ASSETCATALOG_COMPILER_GENERATE_SWIFT_ASSET_SYMBOL_EXTENSIONS = YES;
				CLANG_ANALYZER_NONNULL = YES;
				CLANG_ANALYZER_NUMBER_OBJECT_CONVERSION = YES_AGGRESSIVE;
				CLANG_CXX_LANGUAGE_STANDARD = "gnu++20";
				CLANG_ENABLE_MODULES = YES;
				CLANG_ENABLE_OBJC_ARC = YES;
				CLANG_ENABLE_OBJC_WEAK = YES;
				CLANG_WARN_BLOCK_CAPTURE_AUTORELEASING = YES;
				CLANG_WARN_BOOL_CONVERSION = YES;
				CLANG_WARN_COMMA = YES;
				CLANG_WARN_CONSTANT_CONVERSION = YES;
				CLANG_WARN_DEPRECATED_OBJC_IMPLEMENTATIONS = YES;
				CLANG_WARN_DIRECT_OBJC_ISA_USAGE = YES_ERROR;
				CLANG_WARN_DOCUMENTATION_COMMENTS = YES;
				CLANG_WARN_EMPTY_BODY = YES;
				CLANG_WARN_ENUM_CONVERSION = YES;
				CLANG_WARN_INFINITE_RECURSION = YES;
				CLANG_WARN_INT_CONVERSION = YES;
				CLANG_WARN_NON_LITERAL_NULL_CONVERSION = YES;
				CLANG_WARN_OBJC_IMPLICIT_RETAIN_SELF = YES;
				CLANG_WARN_OBJC_LITERAL_CONVERSION = YES;
				CLANG_WARN_OBJC_ROOT_CLASS = YES_ERROR;
				CLANG_WARN_QUOTED_INCLUDE_IN_FRAMEWORK_HEADER = YES;
				CLANG_WARN_RANGE_LOOP_ANALYSIS = YES;
				CLANG_WARN_STRICT_PROTOTYPES = YES;
				CLANG_WARN_SUSPICIOUS_MOVE = YES;
				CLANG_WARN_UNGUARDED_AVAILABILITY = YES_AGGRESSIVE;
				CLANG_WARN_UNREACHABLE_CODE = YES;
				CLANG_WARN__DUPLICATE_METHOD_MATCH = YES;
				COPY_PHASE_STRIP = NO;
				DEBUG_INFORMATION_FORMAT = "dwarf-with-dsym";
				ENABLE_NS_ASSERTIONS = NO;
				ENABLE_STRICT_OBJC_MSGSEND = YES;
				ENABLE_USER_SCRIPT_SANDBOXING = YES;
				GCC_C_LANGUAGE_STANDARD = gnu17;
				GCC_NO_COMMON_BLOCKS = YES;
				GCC_WARN_64_TO_32_BIT_CONVERSION = YES;
				GCC_WARN_ABOUT_RETURN_TYPE = YES_ERROR;
				GCC_WARN_UNDECLARED_SELECTOR = YES;
				GCC_WARN_UNINITIALIZED_AUTOS = YES_AGGRESSIVE;
				GCC_WARN_UNUSED_FUNCTION = YES;
				GCC_WARN_UNUSED_VARIABLE = YES;
				IPHONEOS_DEPLOYMENT_TARGET = 17.4;
				LOCALIZATION_PREFERS_STRING_CATALOGS = YES;
				MTL_ENABLE_DEBUG_INFO = NO;
				MTL_FAST_MATH = YES;
				SDKROOT = iphoneos;
				SWIFT_COMPILATION_MODE = wholemodule;
				VALIDATE_PRODUCT = YES;
			};
			name = Release;
		};
		41C3C5D92BE00AFE00253257 /* Debug */ = {
			isa = XCBuildConfiguration;
			buildSettings = {
				ASSETCATALOG_COMPILER_APPICON_NAME = AppIcon;
				ASSETCATALOG_COMPILER_GLOBAL_ACCENT_COLOR_NAME = AccentColor;
				CODE_SIGN_STYLE = Automatic;
				CURRENT_PROJECT_VERSION = 1;
				DEVELOPMENT_TEAM = 4387UURZT5;
				GENERATE_INFOPLIST_FILE = YES;
				INFOPLIST_FILE = daangnmarket/Info.plist;
				INFOPLIST_KEY_UIApplicationSupportsIndirectInputEvents = YES;
				INFOPLIST_KEY_UILaunchStoryboardName = LaunchScreen;
				INFOPLIST_KEY_UIMainStoryboardFile = Main;
				INFOPLIST_KEY_UISupportedInterfaceOrientations_iPad = "UIInterfaceOrientationPortrait UIInterfaceOrientationPortraitUpsideDown UIInterfaceOrientationLandscapeLeft UIInterfaceOrientationLandscapeRight";
				INFOPLIST_KEY_UISupportedInterfaceOrientations_iPhone = "UIInterfaceOrientationPortrait UIInterfaceOrientationLandscapeLeft UIInterfaceOrientationLandscapeRight";
				LD_RUNPATH_SEARCH_PATHS = (
					"$(inherited)",
					"@executable_path/Frameworks",
				);
				MARKETING_VERSION = 1.0;
				PRODUCT_BUNDLE_IDENTIFIER = com.minjoo.practice01.daangnmarket;
				PRODUCT_NAME = "$(TARGET_NAME)";
				SWIFT_EMIT_LOC_STRINGS = YES;
				SWIFT_VERSION = 5.0;
				TARGETED_DEVICE_FAMILY = "1,2";
			};
			name = Debug;
		};
		41C3C5DA2BE00AFE00253257 /* Release */ = {
			isa = XCBuildConfiguration;
			buildSettings = {
				ASSETCATALOG_COMPILER_APPICON_NAME = AppIcon;
				ASSETCATALOG_COMPILER_GLOBAL_ACCENT_COLOR_NAME = AccentColor;
				CODE_SIGN_STYLE = Automatic;
				CURRENT_PROJECT_VERSION = 1;
				DEVELOPMENT_TEAM = 4387UURZT5;
				GENERATE_INFOPLIST_FILE = YES;
				INFOPLIST_FILE = daangnmarket/Info.plist;
				INFOPLIST_KEY_UIApplicationSupportsIndirectInputEvents = YES;
				INFOPLIST_KEY_UILaunchStoryboardName = LaunchScreen;
				INFOPLIST_KEY_UIMainStoryboardFile = Main;
				INFOPLIST_KEY_UISupportedInterfaceOrientations_iPad = "UIInterfaceOrientationPortrait UIInterfaceOrientationPortraitUpsideDown UIInterfaceOrientationLandscapeLeft UIInterfaceOrientationLandscapeRight";
				INFOPLIST_KEY_UISupportedInterfaceOrientations_iPhone = "UIInterfaceOrientationPortrait UIInterfaceOrientationLandscapeLeft UIInterfaceOrientationLandscapeRight";
				LD_RUNPATH_SEARCH_PATHS = (
					"$(inherited)",
					"@executable_path/Frameworks",
				);
				MARKETING_VERSION = 1.0;
				PRODUCT_BUNDLE_IDENTIFIER = com.minjoo.practice01.daangnmarket;
				PRODUCT_NAME = "$(TARGET_NAME)";
				SWIFT_EMIT_LOC_STRINGS = YES;
				SWIFT_VERSION = 5.0;
				TARGETED_DEVICE_FAMILY = "1,2";
			};
			name = Release;
		};
		41C3C5DC2BE00AFE00253257 /* Debug */ = {
			isa = XCBuildConfiguration;
			buildSettings = {
				ALWAYS_EMBED_SWIFT_STANDARD_LIBRARIES = YES;
				BUNDLE_LOADER = "$(TEST_HOST)";
				CODE_SIGN_STYLE = Automatic;
				CURRENT_PROJECT_VERSION = 1;
				DEVELOPMENT_TEAM = 4387UURZT5;
				GENERATE_INFOPLIST_FILE = YES;
				IPHONEOS_DEPLOYMENT_TARGET = 17.4;
				MARKETING_VERSION = 1.0;
				PRODUCT_BUNDLE_IDENTIFIER = com.minjoo.practice01.daangnmarketTests;
				PRODUCT_NAME = "$(TARGET_NAME)";
				SWIFT_EMIT_LOC_STRINGS = NO;
				SWIFT_VERSION = 5.0;
				TARGETED_DEVICE_FAMILY = "1,2";
				TEST_HOST = "$(BUILT_PRODUCTS_DIR)/daangnmarket.app/$(BUNDLE_EXECUTABLE_FOLDER_PATH)/daangnmarket";
			};
			name = Debug;
		};
		41C3C5DD2BE00AFE00253257 /* Release */ = {
			isa = XCBuildConfiguration;
			buildSettings = {
				ALWAYS_EMBED_SWIFT_STANDARD_LIBRARIES = YES;
				BUNDLE_LOADER = "$(TEST_HOST)";
				CODE_SIGN_STYLE = Automatic;
				CURRENT_PROJECT_VERSION = 1;
				DEVELOPMENT_TEAM = 4387UURZT5;
				GENERATE_INFOPLIST_FILE = YES;
				IPHONEOS_DEPLOYMENT_TARGET = 17.4;
				MARKETING_VERSION = 1.0;
				PRODUCT_BUNDLE_IDENTIFIER = com.minjoo.practice01.daangnmarketTests;
				PRODUCT_NAME = "$(TARGET_NAME)";
				SWIFT_EMIT_LOC_STRINGS = NO;
				SWIFT_VERSION = 5.0;
				TARGETED_DEVICE_FAMILY = "1,2";
				TEST_HOST = "$(BUILT_PRODUCTS_DIR)/daangnmarket.app/$(BUNDLE_EXECUTABLE_FOLDER_PATH)/daangnmarket";
			};
			name = Release;
		};
		41C3C5DF2BE00AFE00253257 /* Debug */ = {
			isa = XCBuildConfiguration;
			buildSettings = {
				ALWAYS_EMBED_SWIFT_STANDARD_LIBRARIES = YES;
				CODE_SIGN_STYLE = Automatic;
				CURRENT_PROJECT_VERSION = 1;
				DEVELOPMENT_TEAM = 4387UURZT5;
				GENERATE_INFOPLIST_FILE = YES;
				MARKETING_VERSION = 1.0;
				PRODUCT_BUNDLE_IDENTIFIER = com.minjoo.practice01.daangnmarketUITests;
				PRODUCT_NAME = "$(TARGET_NAME)";
				SWIFT_EMIT_LOC_STRINGS = NO;
				SWIFT_VERSION = 5.0;
				TARGETED_DEVICE_FAMILY = "1,2";
				TEST_TARGET_NAME = daangnmarket;
			};
			name = Debug;
		};
		41C3C5E02BE00AFE00253257 /* Release */ = {
			isa = XCBuildConfiguration;
			buildSettings = {
				ALWAYS_EMBED_SWIFT_STANDARD_LIBRARIES = YES;
				CODE_SIGN_STYLE = Automatic;
				CURRENT_PROJECT_VERSION = 1;
				DEVELOPMENT_TEAM = 4387UURZT5;
				GENERATE_INFOPLIST_FILE = YES;
				MARKETING_VERSION = 1.0;
				PRODUCT_BUNDLE_IDENTIFIER = com.minjoo.practice01.daangnmarketUITests;
				PRODUCT_NAME = "$(TARGET_NAME)";
				SWIFT_EMIT_LOC_STRINGS = NO;
				SWIFT_VERSION = 5.0;
				TARGETED_DEVICE_FAMILY = "1,2";
				TEST_TARGET_NAME = daangnmarket;
			};
			name = Release;
		};
/* End XCBuildConfiguration section */

/* Begin XCConfigurationList section */
		41C3C5A92BE00AFC00253257 /* Build configuration list for PBXProject "daangnmarket" */ = {
			isa = XCConfigurationList;
			buildConfigurations = (
				41C3C5D62BE00AFE00253257 /* Debug */,
				41C3C5D72BE00AFE00253257 /* Release */,
			);
			defaultConfigurationIsVisible = 0;
			defaultConfigurationName = Release;
		};
		41C3C5D82BE00AFE00253257 /* Build configuration list for PBXNativeTarget "daangnmarket" */ = {
			isa = XCConfigurationList;
			buildConfigurations = (
				41C3C5D92BE00AFE00253257 /* Debug */,
				41C3C5DA2BE00AFE00253257 /* Release */,
			);
			defaultConfigurationIsVisible = 0;
			defaultConfigurationName = Release;
		};
		41C3C5DB2BE00AFE00253257 /* Build configuration list for PBXNativeTarget "daangnmarketTests" */ = {
			isa = XCConfigurationList;
			buildConfigurations = (
				41C3C5DC2BE00AFE00253257 /* Debug */,
				41C3C5DD2BE00AFE00253257 /* Release */,
			);
			defaultConfigurationIsVisible = 0;
			defaultConfigurationName = Release;
		};
		41C3C5DE2BE00AFE00253257 /* Build configuration list for PBXNativeTarget "daangnmarketUITests" */ = {
			isa = XCConfigurationList;
			buildConfigurations = (
				41C3C5DF2BE00AFE00253257 /* Debug */,
				41C3C5E02BE00AFE00253257 /* Release */,
			);
			defaultConfigurationIsVisible = 0;
			defaultConfigurationName = Release;
		};
/* End XCConfigurationList section */
	};
	rootObject = 41C3C5A62BE00AFC00253257 /* Project object */;
}
